
Microsoft Visual Studio Solution File, Format Version 11.00
# Visual Studio 2010
Project("{FAE04EC0-301F-11D3-BF4B-00C04F79EFBC}") = "Core", "Core\Core.csproj", "{177AEA04-1112-4D38-937C-653A7D7DCEE5}"
EndProject
Project("{FAE04EC0-301F-11D3-BF4B-00C04F79EFBC}") = "Web", "Web\Web.csproj", "{AA3D5505-6D7E-4B72-8450-3B43EE3DA3CD}"
EndProject
Global
	GlobalSection(SolutionConfigurationPlatforms) = preSolution
		Debug|Any CPU = Debug|Any CPU
		Release|Any CPU = Release|Any CPU
	EndGlobalSection
	GlobalSection(ProjectConfigurationPlatforms) = postSolution
		{177AEA04-1112-4D38-937C-653A7D7DCEE5}.Debug|Any CPU.ActiveCfg = Debug|Any CPU
		{177AEA04-1112-4D38-937C-653A7D7DCEE5}.Debug|Any CPU.Build.0 = Debug|Any CPU
		{177AEA04-1112-4D38-937C-653A7D7DCEE5}.Release|Any CPU.ActiveCfg = Release|Any CPU
		{177AEA04-1112-4D38-937C-653A7D7DCEE5}.Release|Any CPU.Build.0 = Release|Any CPU
		{AA3D5505-6D7E-4B72-8450-3B43EE3DA3CD}.Debug|Any CPU.ActiveCfg = Debug|Any CPU
		{AA3D5505-6D7E-4B72-8450-3B43EE3DA3CD}.Debug|Any CPU.Build.0 = Debug|Any CPU
		{AA3D5505-6D7E-4B72-8450-3B43EE3DA3CD}.Release|Any CPU.ActiveCfg = Release|Any CPU
		{AA3D5505-6D7E-4B72-8450-3B43EE3DA3CD}.Release|Any CPU.Build.0 = Release|Any CPU
	EndGlobalSection
	GlobalSection(SolutionProperties) = preSolution
		HideSolutionNode = FALSE
	EndGlobalSection
EndGlobal
